// !$*UTF8*$!
{
	archiveVersion = 1;
	classes = {
	};
	objectVersion = 55;
	objects = {

/* Begin PBXBuildFile section */
		BC39302527FF4EF600E1CA6E /* Preferences in Frameworks */ = {isa = PBXBuildFile; productRef = BC39302427FF4EF600E1CA6E /* Preferences */; };
		BC58CC8E27F84E8F00B4D668 /* PR_ShortcutApp.swift in Sources */ = {isa = PBXBuildFile; fileRef = BC58CC8D27F84E8F00B4D668 /* PR_ShortcutApp.swift */; };
		BC58CC9227F84E9200B4D668 /* Assets.xcassets in Resources */ = {isa = PBXBuildFile; fileRef = BC58CC9127F84E9200B4D668 /* Assets.xcassets */; };
		BC58CC9527F84E9200B4D668 /* Preview Assets.xcassets in Resources */ = {isa = PBXBuildFile; fileRef = BC58CC9427F84E9200B4D668 /* Preview Assets.xcassets */; };
		BC58CCA027F84E9200B4D668 /* PR_ShortcutTests.swift in Sources */ = {isa = PBXBuildFile; fileRef = BC58CC9F27F84E9200B4D668 /* PR_ShortcutTests.swift */; };
		BC58CCAA27F84E9200B4D668 /* PR_ShortcutUITests.swift in Sources */ = {isa = PBXBuildFile; fileRef = BC58CCA927F84E9200B4D668 /* PR_ShortcutUITests.swift */; };
		BC58CCAC27F84E9200B4D668 /* PR_ShortcutUITestsLaunchTests.swift in Sources */ = {isa = PBXBuildFile; fileRef = BC58CCAB27F84E9200B4D668 /* PR_ShortcutUITestsLaunchTests.swift */; };
		BC58CCBC27F871EB00B4D668 /* AppDelegate.swift in Sources */ = {isa = PBXBuildFile; fileRef = BC58CCBB27F871EB00B4D668 /* AppDelegate.swift */; };
		BC71F34927F8DF5600C3765E /* GitHubService.swift in Sources */ = {isa = PBXBuildFile; fileRef = BC71F34827F8DF5600C3765E /* GitHubService.swift */; };
		BC71F34B27F8E00C00C3765E /* GitHubSearchResponse.swift in Sources */ = {isa = PBXBuildFile; fileRef = BC71F34A27F8E00C00C3765E /* GitHubSearchResponse.swift */; };
		BC71F34D27F8EA3500C3765E /* Menu.swift in Sources */ = {isa = PBXBuildFile; fileRef = BC71F34C27F8EA3500C3765E /* Menu.swift */; };
		BC71F34F27F8EB4E00C3765E /* PRShortcut.swift in Sources */ = {isa = PBXBuildFile; fileRef = BC71F34E27F8EB4E00C3765E /* PRShortcut.swift */; };
		BC71F35127F9857400C3765E /* PullRequestMenuItem.swift in Sources */ = {isa = PBXBuildFile; fileRef = BC71F35027F9857400C3765E /* PullRequestMenuItem.swift */; };
		BC71F35327F98D2800C3765E /* Utilities.swift in Sources */ = {isa = PBXBuildFile; fileRef = BC71F35227F98D2800C3765E /* Utilities.swift */; };
		BCB4EDB4280022A40066A0AA /* Preferences in Frameworks */ = {isa = PBXBuildFile; productRef = BCB4EDB3280022A40066A0AA /* Preferences */; };
		BCE9482B27F895FA00A39748 /* PullRequest.swift in Sources */ = {isa = PBXBuildFile; fileRef = BCE9482A27F895FA00A39748 /* PullRequest.swift */; };
/* End PBXBuildFile section */

/* Begin PBXContainerItemProxy section */
		BC58CC9C27F84E9200B4D668 /* PBXContainerItemProxy */ = {
			isa = PBXContainerItemProxy;
			containerPortal = BC58CC8227F84E8F00B4D668 /* Project object */;
			proxyType = 1;
			remoteGlobalIDString = BC58CC8927F84E8F00B4D668;
			remoteInfo = "PR Shortcut";
		};
		BC58CCA627F84E9200B4D668 /* PBXContainerItemProxy */ = {
			isa = PBXContainerItemProxy;
			containerPortal = BC58CC8227F84E8F00B4D668 /* Project object */;
			proxyType = 1;
			remoteGlobalIDString = BC58CC8927F84E8F00B4D668;
			remoteInfo = "PR Shortcut";
		};
/* End PBXContainerItemProxy section */

/* Begin PBXFileReference section */
		BC58CC8A27F84E8F00B4D668 /* PR Shortcut.app */ = {isa = PBXFileReference; explicitFileType = wrapper.application; includeInIndex = 0; path = "PR Shortcut.app"; sourceTree = BUILT_PRODUCTS_DIR; };
		BC58CC8D27F84E8F00B4D668 /* PR_ShortcutApp.swift */ = {isa = PBXFileReference; lastKnownFileType = sourcecode.swift; path = PR_ShortcutApp.swift; sourceTree = "<group>"; };
		BC58CC9127F84E9200B4D668 /* Assets.xcassets */ = {isa = PBXFileReference; lastKnownFileType = folder.assetcatalog; path = Assets.xcassets; sourceTree = "<group>"; };
		BC58CC9427F84E9200B4D668 /* Preview Assets.xcassets */ = {isa = PBXFileReference; lastKnownFileType = folder.assetcatalog; path = "Preview Assets.xcassets"; sourceTree = "<group>"; };
		BC58CC9627F84E9200B4D668 /* PR_Shortcut.entitlements */ = {isa = PBXFileReference; lastKnownFileType = text.plist.entitlements; path = PR_Shortcut.entitlements; sourceTree = "<group>"; };
		BC58CC9B27F84E9200B4D668 /* PR ShortcutTests.xctest */ = {isa = PBXFileReference; explicitFileType = wrapper.cfbundle; includeInIndex = 0; path = "PR ShortcutTests.xctest"; sourceTree = BUILT_PRODUCTS_DIR; };
		BC58CC9F27F84E9200B4D668 /* PR_ShortcutTests.swift */ = {isa = PBXFileReference; lastKnownFileType = sourcecode.swift; path = PR_ShortcutTests.swift; sourceTree = "<group>"; };
		BC58CCA527F84E9200B4D668 /* PR ShortcutUITests.xctest */ = {isa = PBXFileReference; explicitFileType = wrapper.cfbundle; includeInIndex = 0; path = "PR ShortcutUITests.xctest"; sourceTree = BUILT_PRODUCTS_DIR; };
		BC58CCA927F84E9200B4D668 /* PR_ShortcutUITests.swift */ = {isa = PBXFileReference; lastKnownFileType = sourcecode.swift; path = PR_ShortcutUITests.swift; sourceTree = "<group>"; };
		BC58CCAB27F84E9200B4D668 /* PR_ShortcutUITestsLaunchTests.swift */ = {isa = PBXFileReference; lastKnownFileType = sourcecode.swift; path = PR_ShortcutUITestsLaunchTests.swift; sourceTree = "<group>"; };
		BC58CCBA27F8717B00B4D668 /* PR-Shortcut-Info.plist */ = {isa = PBXFileReference; lastKnownFileType = text.plist; path = "PR-Shortcut-Info.plist"; sourceTree = SOURCE_ROOT; };
		BC58CCBB27F871EB00B4D668 /* AppDelegate.swift */ = {isa = PBXFileReference; lastKnownFileType = sourcecode.swift; path = AppDelegate.swift; sourceTree = "<group>"; };
		BC71F34827F8DF5600C3765E /* GitHubService.swift */ = {isa = PBXFileReference; lastKnownFileType = sourcecode.swift; path = GitHubService.swift; sourceTree = "<group>"; };
		BC71F34A27F8E00C00C3765E /* GitHubSearchResponse.swift */ = {isa = PBXFileReference; lastKnownFileType = sourcecode.swift; path = GitHubSearchResponse.swift; sourceTree = "<group>"; };
		BC71F34C27F8EA3500C3765E /* Menu.swift */ = {isa = PBXFileReference; lastKnownFileType = sourcecode.swift; path = Menu.swift; sourceTree = "<group>"; };
		BC71F34E27F8EB4E00C3765E /* PRShortcut.swift */ = {isa = PBXFileReference; lastKnownFileType = sourcecode.swift; path = PRShortcut.swift; sourceTree = "<group>"; };
		BC71F35027F9857400C3765E /* PullRequestMenuItem.swift */ = {isa = PBXFileReference; lastKnownFileType = sourcecode.swift; path = PullRequestMenuItem.swift; sourceTree = "<group>"; };
		BC71F35227F98D2800C3765E /* Utilities.swift */ = {isa = PBXFileReference; lastKnownFileType = sourcecode.swift; path = Utilities.swift; sourceTree = "<group>"; };
		BCE9482A27F895FA00A39748 /* PullRequest.swift */ = {isa = PBXFileReference; lastKnownFileType = sourcecode.swift; path = PullRequest.swift; sourceTree = "<group>"; };
/* End PBXFileReference section */

/* Begin PBXFrameworksBuildPhase section */
		BC58CC8727F84E8F00B4D668 /* Frameworks */ = {
			isa = PBXFrameworksBuildPhase;
			buildActionMask = 2147483647;
			files = (
				BC39302527FF4EF600E1CA6E /* Preferences in Frameworks */,
				BCB4EDB4280022A40066A0AA /* Preferences in Frameworks */,
			);
			runOnlyForDeploymentPostprocessing = 0;
		};
		BC58CC9827F84E9200B4D668 /* Frameworks */ = {
			isa = PBXFrameworksBuildPhase;
			buildActionMask = 2147483647;
			files = (
			);
			runOnlyForDeploymentPostprocessing = 0;
		};
		BC58CCA227F84E9200B4D668 /* Frameworks */ = {
			isa = PBXFrameworksBuildPhase;
			buildActionMask = 2147483647;
			files = (
			);
			runOnlyForDeploymentPostprocessing = 0;
		};
/* End PBXFrameworksBuildPhase section */

/* Begin PBXGroup section */
		BC504FC3280068B7007FC732 /* Model */ = {
			isa = PBXGroup;
			children = (
				BC71F34A27F8E00C00C3765E /* GitHubSearchResponse.swift */,
				BCE9482A27F895FA00A39748 /* PullRequest.swift */,
			);
			path = Model;
			sourceTree = "<group>";
		};
		BC58CC8127F84E8F00B4D668 = {
			isa = PBXGroup;
			children = (
				BC58CC8C27F84E8F00B4D668 /* PR Shortcut */,
				BC58CC9E27F84E9200B4D668 /* PR ShortcutTests */,
				BC58CCA827F84E9200B4D668 /* PR ShortcutUITests */,
				BC58CC8B27F84E8F00B4D668 /* Products */,
			);
			indentWidth = 4;
			sourceTree = "<group>";
			tabWidth = 4;
		};
		BC58CC8B27F84E8F00B4D668 /* Products */ = {
			isa = PBXGroup;
			children = (
				BC58CC8A27F84E8F00B4D668 /* PR Shortcut.app */,
				BC58CC9B27F84E9200B4D668 /* PR ShortcutTests.xctest */,
				BC58CCA527F84E9200B4D668 /* PR ShortcutUITests.xctest */,
			);
			name = Products;
			sourceTree = "<group>";
		};
		BC58CC8C27F84E8F00B4D668 /* PR Shortcut */ = {
			isa = PBXGroup;
			children = (
				BC504FC3280068B7007FC732 /* Model */,
				BC71F34C27F8EA3500C3765E /* Menu.swift */,
				BC58CCBA27F8717B00B4D668 /* PR-Shortcut-Info.plist */,
				BC58CC8D27F84E8F00B4D668 /* PR_ShortcutApp.swift */,
				BC58CC9127F84E9200B4D668 /* Assets.xcassets */,
				BC58CC9627F84E9200B4D668 /* PR_Shortcut.entitlements */,
				BC58CC9327F84E9200B4D668 /* Preview Content */,
				BC58CCBB27F871EB00B4D668 /* AppDelegate.swift */,
				BC71F34827F8DF5600C3765E /* GitHubService.swift */,
				BC71F34E27F8EB4E00C3765E /* PRShortcut.swift */,
				BC71F35027F9857400C3765E /* PullRequestMenuItem.swift */,
				BC71F35227F98D2800C3765E /* Utilities.swift */,
			);
			path = "PR Shortcut";
			sourceTree = "<group>";
		};
		BC58CC9327F84E9200B4D668 /* Preview Content */ = {
			isa = PBXGroup;
			children = (
				BC58CC9427F84E9200B4D668 /* Preview Assets.xcassets */,
			);
			path = "Preview Content";
			sourceTree = "<group>";
		};
		BC58CC9E27F84E9200B4D668 /* PR ShortcutTests */ = {
			isa = PBXGroup;
			children = (
				BC58CC9F27F84E9200B4D668 /* PR_ShortcutTests.swift */,
			);
			path = "PR ShortcutTests";
			sourceTree = "<group>";
		};
		BC58CCA827F84E9200B4D668 /* PR ShortcutUITests */ = {
			isa = PBXGroup;
			children = (
				BC58CCA927F84E9200B4D668 /* PR_ShortcutUITests.swift */,
				BC58CCAB27F84E9200B4D668 /* PR_ShortcutUITestsLaunchTests.swift */,
			);
			path = "PR ShortcutUITests";
			sourceTree = "<group>";
		};
/* End PBXGroup section */

/* Begin PBXNativeTarget section */
		BC58CC8927F84E8F00B4D668 /* PR Shortcut */ = {
			isa = PBXNativeTarget;
			buildConfigurationList = BC58CCAF27F84E9200B4D668 /* Build configuration list for PBXNativeTarget "PR Shortcut" */;
			buildPhases = (
				BC58CC8627F84E8F00B4D668 /* Sources */,
				BC58CC8727F84E8F00B4D668 /* Frameworks */,
				BC58CC8827F84E8F00B4D668 /* Resources */,
			);
			buildRules = (
			);
			dependencies = (
			);
			name = "PR Shortcut";
			packageProductDependencies = (
				BC39302427FF4EF600E1CA6E /* Preferences */,
				BCB4EDB3280022A40066A0AA /* Preferences */,
			);
			productName = "PR Shortcut";
			productReference = BC58CC8A27F84E8F00B4D668 /* PR Shortcut.app */;
			productType = "com.apple.product-type.application";
		};
		BC58CC9A27F84E9200B4D668 /* PR ShortcutTests */ = {
			isa = PBXNativeTarget;
			buildConfigurationList = BC58CCB227F84E9200B4D668 /* Build configuration list for PBXNativeTarget "PR ShortcutTests" */;
			buildPhases = (
				BC58CC9727F84E9200B4D668 /* Sources */,
				BC58CC9827F84E9200B4D668 /* Frameworks */,
				BC58CC9927F84E9200B4D668 /* Resources */,
			);
			buildRules = (
			);
			dependencies = (
				BC58CC9D27F84E9200B4D668 /* PBXTargetDependency */,
			);
			name = "PR ShortcutTests";
			productName = "PR ShortcutTests";
			productReference = BC58CC9B27F84E9200B4D668 /* PR ShortcutTests.xctest */;
			productType = "com.apple.product-type.bundle.unit-test";
		};
		BC58CCA427F84E9200B4D668 /* PR ShortcutUITests */ = {
			isa = PBXNativeTarget;
			buildConfigurationList = BC58CCB527F84E9200B4D668 /* Build configuration list for PBXNativeTarget "PR ShortcutUITests" */;
			buildPhases = (
				BC58CCA127F84E9200B4D668 /* Sources */,
				BC58CCA227F84E9200B4D668 /* Frameworks */,
				BC58CCA327F84E9200B4D668 /* Resources */,
			);
			buildRules = (
			);
			dependencies = (
				BC58CCA727F84E9200B4D668 /* PBXTargetDependency */,
			);
			name = "PR ShortcutUITests";
			productName = "PR ShortcutUITests";
			productReference = BC58CCA527F84E9200B4D668 /* PR ShortcutUITests.xctest */;
			productType = "com.apple.product-type.bundle.ui-testing";
		};
/* End PBXNativeTarget section */

/* Begin PBXProject section */
		BC58CC8227F84E8F00B4D668 /* Project object */ = {
			isa = PBXProject;
			attributes = {
				BuildIndependentTargetsInParallel = 1;
				LastSwiftUpdateCheck = 1330;
				LastUpgradeCheck = 1330;
				TargetAttributes = {
					BC58CC8927F84E8F00B4D668 = {
						CreatedOnToolsVersion = 13.3;
					};
					BC58CC9A27F84E9200B4D668 = {
						CreatedOnToolsVersion = 13.3;
						TestTargetID = BC58CC8927F84E8F00B4D668;
					};
					BC58CCA427F84E9200B4D668 = {
						CreatedOnToolsVersion = 13.3;
						TestTargetID = BC58CC8927F84E8F00B4D668;
					};
				};
			};
			buildConfigurationList = BC58CC8527F84E8F00B4D668 /* Build configuration list for PBXProject "PR Shortcut" */;
			compatibilityVersion = "Xcode 13.0";
			developmentRegion = en;
			hasScannedForEncodings = 0;
			knownRegions = (
				en,
				Base,
			);
			mainGroup = BC58CC8127F84E8F00B4D668;
			packageReferences = (
				BC39302327FF4EF600E1CA6E /* XCRemoteSwiftPackageReference "Preferences" */,
			);
			productRefGroup = BC58CC8B27F84E8F00B4D668 /* Products */;
			projectDirPath = "";
			projectRoot = "";
			targets = (
				BC58CC8927F84E8F00B4D668 /* PR Shortcut */,
				BC58CC9A27F84E9200B4D668 /* PR ShortcutTests */,
				BC58CCA427F84E9200B4D668 /* PR ShortcutUITests */,
			);
		};
/* End PBXProject section */

/* Begin PBXResourcesBuildPhase section */
		BC58CC8827F84E8F00B4D668 /* Resources */ = {
			isa = PBXResourcesBuildPhase;
			buildActionMask = 2147483647;
			files = (
				BC58CC9527F84E9200B4D668 /* Preview Assets.xcassets in Resources */,
				BC58CC9227F84E9200B4D668 /* Assets.xcassets in Resources */,
			);
			runOnlyForDeploymentPostprocessing = 0;
		};
		BC58CC9927F84E9200B4D668 /* Resources */ = {
			isa = PBXResourcesBuildPhase;
			buildActionMask = 2147483647;
			files = (
			);
			runOnlyForDeploymentPostprocessing = 0;
		};
		BC58CCA327F84E9200B4D668 /* Resources */ = {
			isa = PBXResourcesBuildPhase;
			buildActionMask = 2147483647;
			files = (
			);
			runOnlyForDeploymentPostprocessing = 0;
		};
/* End PBXResourcesBuildPhase section */

/* Begin PBXSourcesBuildPhase section */
		BC58CC8627F84E8F00B4D668 /* Sources */ = {
			isa = PBXSourcesBuildPhase;
			buildActionMask = 2147483647;
			files = (
				BC71F34D27F8EA3500C3765E /* Menu.swift in Sources */,
				BC71F34B27F8E00C00C3765E /* GitHubSearchResponse.swift in Sources */,
				BC71F34927F8DF5600C3765E /* GitHubService.swift in Sources */,
				BC58CCBC27F871EB00B4D668 /* AppDelegate.swift in Sources */,
				BCE9482B27F895FA00A39748 /* PullRequest.swift in Sources */,
				BC58CC8E27F84E8F00B4D668 /* PR_ShortcutApp.swift in Sources */,
				BC71F35327F98D2800C3765E /* Utilities.swift in Sources */,
				BC71F35127F9857400C3765E /* PullRequestMenuItem.swift in Sources */,
				BC71F34F27F8EB4E00C3765E /* PRShortcut.swift in Sources */,
			);
			runOnlyForDeploymentPostprocessing = 0;
		};
		BC58CC9727F84E9200B4D668 /* Sources */ = {
			isa = PBXSourcesBuildPhase;
			buildActionMask = 2147483647;
			files = (
				BC58CCA027F84E9200B4D668 /* PR_ShortcutTests.swift in Sources */,
			);
			runOnlyForDeploymentPostprocessing = 0;
		};
		BC58CCA127F84E9200B4D668 /* Sources */ = {
			isa = PBXSourcesBuildPhase;
			buildActionMask = 2147483647;
			files = (
				BC58CCAC27F84E9200B4D668 /* PR_ShortcutUITestsLaunchTests.swift in Sources */,
				BC58CCAA27F84E9200B4D668 /* PR_ShortcutUITests.swift in Sources */,
			);
			runOnlyForDeploymentPostprocessing = 0;
		};
/* End PBXSourcesBuildPhase section */

/* Begin PBXTargetDependency section */
		BC58CC9D27F84E9200B4D668 /* PBXTargetDependency */ = {
			isa = PBXTargetDependency;
			target = BC58CC8927F84E8F00B4D668 /* PR Shortcut */;
			targetProxy = BC58CC9C27F84E9200B4D668 /* PBXContainerItemProxy */;
		};
		BC58CCA727F84E9200B4D668 /* PBXTargetDependency */ = {
			isa = PBXTargetDependency;
			target = BC58CC8927F84E8F00B4D668 /* PR Shortcut */;
			targetProxy = BC58CCA627F84E9200B4D668 /* PBXContainerItemProxy */;
		};
/* End PBXTargetDependency section */

/* Begin XCBuildConfiguration section */
		BC58CCAD27F84E9200B4D668 /* Debug */ = {
			isa = XCBuildConfiguration;
			buildSettings = {
				ALLOW_TARGET_PLATFORM_SPECIALIZATION = NO;
				ALWAYS_EMBED_SWIFT_STANDARD_LIBRARIES = NO;
				ALWAYS_SEARCH_USER_PATHS = NO;
				CLANG_ANALYZER_NONNULL = YES;
				CLANG_ANALYZER_NUMBER_OBJECT_CONVERSION = YES_AGGRESSIVE;
				CLANG_CXX_LANGUAGE_STANDARD = "gnu++17";
				CLANG_ENABLE_MODULES = YES;
				CLANG_ENABLE_OBJC_ARC = YES;
				CLANG_ENABLE_OBJC_WEAK = YES;
				CLANG_WARN_BLOCK_CAPTURE_AUTORELEASING = YES;
				CLANG_WARN_BOOL_CONVERSION = YES;
				CLANG_WARN_COMMA = YES;
				CLANG_WARN_CONSTANT_CONVERSION = YES;
				CLANG_WARN_DEPRECATED_OBJC_IMPLEMENTATIONS = YES;
				CLANG_WARN_DIRECT_OBJC_ISA_USAGE = YES_ERROR;
				CLANG_WARN_DOCUMENTATION_COMMENTS = YES;
				CLANG_WARN_EMPTY_BODY = YES;
				CLANG_WARN_ENUM_CONVERSION = YES;
				CLANG_WARN_INFINITE_RECURSION = YES;
				CLANG_WARN_INT_CONVERSION = YES;
				CLANG_WARN_NON_LITERAL_NULL_CONVERSION = YES;
				CLANG_WARN_OBJC_IMPLICIT_RETAIN_SELF = YES;
				CLANG_WARN_OBJC_LITERAL_CONVERSION = YES;
				CLANG_WARN_OBJC_ROOT_CLASS = YES_ERROR;
				CLANG_WARN_QUOTED_INCLUDE_IN_FRAMEWORK_HEADER = YES;
				CLANG_WARN_RANGE_LOOP_ANALYSIS = YES;
				CLANG_WARN_STRICT_PROTOTYPES = YES;
				CLANG_WARN_SUSPICIOUS_MOVE = YES;
				CLANG_WARN_UNGUARDED_AVAILABILITY = YES_AGGRESSIVE;
				CLANG_WARN_UNREACHABLE_CODE = YES;
				CLANG_WARN__DUPLICATE_METHOD_MATCH = YES;
				COPY_PHASE_STRIP = NO;
				DEBUG_INFORMATION_FORMAT = dwarf;
				ENABLE_STRICT_OBJC_MSGSEND = YES;
				ENABLE_TESTABILITY = YES;
				GCC_C_LANGUAGE_STANDARD = gnu11;
				GCC_DYNAMIC_NO_PIC = NO;
				GCC_NO_COMMON_BLOCKS = YES;
				GCC_OPTIMIZATION_LEVEL = 0;
				GCC_PREPROCESSOR_DEFINITIONS = (
					"DEBUG=1",
					"$(inherited)",
				);
				GCC_WARN_64_TO_32_BIT_CONVERSION = YES;
				GCC_WARN_ABOUT_RETURN_TYPE = YES_ERROR;
				GCC_WARN_UNDECLARED_SELECTOR = YES;
				GCC_WARN_UNINITIALIZED_AUTOS = YES_AGGRESSIVE;
				GCC_WARN_UNUSED_FUNCTION = YES;
				GCC_WARN_UNUSED_VARIABLE = YES;
				MACOSX_DEPLOYMENT_TARGET = 12.3;
				MTL_ENABLE_DEBUG_INFO = INCLUDE_SOURCE;
				MTL_FAST_MATH = YES;
				ONLY_ACTIVE_ARCH = YES;
				SDKROOT = macosx;
				SWIFT_ACTIVE_COMPILATION_CONDITIONS = DEBUG;
				SWIFT_OPTIMIZATION_LEVEL = "-Onone";
			};
			name = Debug;
		};
		BC58CCAE27F84E9200B4D668 /* Release */ = {
			isa = XCBuildConfiguration;
			buildSettings = {
				ALLOW_TARGET_PLATFORM_SPECIALIZATION = NO;
				ALWAYS_EMBED_SWIFT_STANDARD_LIBRARIES = NO;
				ALWAYS_SEARCH_USER_PATHS = NO;
				CLANG_ANALYZER_NONNULL = YES;
				CLANG_ANALYZER_NUMBER_OBJECT_CONVERSION = YES_AGGRESSIVE;
				CLANG_CXX_LANGUAGE_STANDARD = "gnu++17";
				CLANG_ENABLE_MODULES = YES;
				CLANG_ENABLE_OBJC_ARC = YES;
				CLANG_ENABLE_OBJC_WEAK = YES;
				CLANG_WARN_BLOCK_CAPTURE_AUTORELEASING = YES;
				CLANG_WARN_BOOL_CONVERSION = YES;
				CLANG_WARN_COMMA = YES;
				CLANG_WARN_CONSTANT_CONVERSION = YES;
				CLANG_WARN_DEPRECATED_OBJC_IMPLEMENTATIONS = YES;
				CLANG_WARN_DIRECT_OBJC_ISA_USAGE = YES_ERROR;
				CLANG_WARN_DOCUMENTATION_COMMENTS = YES;
				CLANG_WARN_EMPTY_BODY = YES;
				CLANG_WARN_ENUM_CONVERSION = YES;
				CLANG_WARN_INFINITE_RECURSION = YES;
				CLANG_WARN_INT_CONVERSION = YES;
				CLANG_WARN_NON_LITERAL_NULL_CONVERSION = YES;
				CLANG_WARN_OBJC_IMPLICIT_RETAIN_SELF = YES;
				CLANG_WARN_OBJC_LITERAL_CONVERSION = YES;
				CLANG_WARN_OBJC_ROOT_CLASS = YES_ERROR;
				CLANG_WARN_QUOTED_INCLUDE_IN_FRAMEWORK_HEADER = YES;
				CLANG_WARN_RANGE_LOOP_ANALYSIS = YES;
				CLANG_WARN_STRICT_PROTOTYPES = YES;
				CLANG_WARN_SUSPICIOUS_MOVE = YES;
				CLANG_WARN_UNGUARDED_AVAILABILITY = YES_AGGRESSIVE;
				CLANG_WARN_UNREACHABLE_CODE = YES;
				CLANG_WARN__DUPLICATE_METHOD_MATCH = YES;
				COPY_PHASE_STRIP = NO;
				DEBUG_INFORMATION_FORMAT = "dwarf-with-dsym";
				ENABLE_NS_ASSERTIONS = NO;
				ENABLE_STRICT_OBJC_MSGSEND = YES;
				GCC_C_LANGUAGE_STANDARD = gnu11;
				GCC_NO_COMMON_BLOCKS = YES;
				GCC_WARN_64_TO_32_BIT_CONVERSION = YES;
				GCC_WARN_ABOUT_RETURN_TYPE = YES_ERROR;
				GCC_WARN_UNDECLARED_SELECTOR = YES;
				GCC_WARN_UNINITIALIZED_AUTOS = YES_AGGRESSIVE;
				GCC_WARN_UNUSED_FUNCTION = YES;
				GCC_WARN_UNUSED_VARIABLE = YES;
				MACOSX_DEPLOYMENT_TARGET = 12.3;
				MTL_ENABLE_DEBUG_INFO = NO;
				MTL_FAST_MATH = YES;
				ONLY_ACTIVE_ARCH = YES;
				SDKROOT = macosx;
				SWIFT_COMPILATION_MODE = wholemodule;
				SWIFT_OPTIMIZATION_LEVEL = "-O";
			};
			name = Release;
		};
		BC58CCB027F84E9200B4D668 /* Debug */ = {
			isa = XCBuildConfiguration;
			buildSettings = {
				ALLOW_TARGET_PLATFORM_SPECIALIZATION = YES;
				ASSETCATALOG_COMPILER_APPICON_NAME = AppIcon;
				ASSETCATALOG_COMPILER_GLOBAL_ACCENT_COLOR_NAME = AccentColor;
				ASSETCATALOG_COMPILER_INCLUDE_ALL_APPICON_ASSETS = YES;
				BUILD_LIBRARY_FOR_DISTRIBUTION = NO;
				CODE_SIGN_ENTITLEMENTS = "PR Shortcut/PR_Shortcut.entitlements";
				CODE_SIGN_IDENTITY = "-";
				CODE_SIGN_STYLE = Automatic;
				COMBINE_HIDPI_IMAGES = YES;
				CURRENT_PROJECT_VERSION = 1;
				DEVELOPMENT_ASSET_PATHS = "\"PR Shortcut/Preview Content\"";
				DEVELOPMENT_TEAM = 3S2LMH9TF5;
				ENABLE_PREVIEWS = YES;
				GENERATE_INFOPLIST_FILE = YES;
				INFOPLIST_FILE = "PR-Shortcut-Info.plist";
				INFOPLIST_KEY_NSHumanReadableCopyright = "";
				LD_RUNPATH_SEARCH_PATHS = (
					"$(inherited)",
					"@executable_path/../Frameworks",
				);
				MARKETING_VERSION = 1.0;
				ONLY_ACTIVE_ARCH = NO;
				PRODUCT_BUNDLE_IDENTIFIER = "vincenthardouin.PR-Shortcut";
				PRODUCT_NAME = "$(TARGET_NAME)";
				SWIFT_EMIT_LOC_STRINGS = YES;
				SWIFT_VERSION = 5.0;
			};
			name = Debug;
		};
		BC58CCB127F84E9200B4D668 /* Release */ = {
			isa = XCBuildConfiguration;
			buildSettings = {
				ALLOW_TARGET_PLATFORM_SPECIALIZATION = YES;
				ASSETCATALOG_COMPILER_APPICON_NAME = AppIcon;
				ASSETCATALOG_COMPILER_GLOBAL_ACCENT_COLOR_NAME = AccentColor;
				ASSETCATALOG_COMPILER_INCLUDE_ALL_APPICON_ASSETS = YES;
				BUILD_LIBRARY_FOR_DISTRIBUTION = NO;
				CODE_SIGN_ENTITLEMENTS = "PR Shortcut/PR_Shortcut.entitlements";
				CODE_SIGN_IDENTITY = "-";
				CODE_SIGN_STYLE = Automatic;
				COMBINE_HIDPI_IMAGES = YES;
				CURRENT_PROJECT_VERSION = 1;
				DEVELOPMENT_ASSET_PATHS = "\"PR Shortcut/Preview Content\"";
				DEVELOPMENT_TEAM = 3S2LMH9TF5;
				ENABLE_PREVIEWS = YES;
				GENERATE_INFOPLIST_FILE = YES;
				INFOPLIST_FILE = "PR-Shortcut-Info.plist";
				INFOPLIST_KEY_NSHumanReadableCopyright = "";
				LD_RUNPATH_SEARCH_PATHS = (
					"$(inherited)",
					"@executable_path/../Frameworks",
				);
				MARKETING_VERSION = 1.0;
				ONLY_ACTIVE_ARCH = NO;
				PRODUCT_BUNDLE_IDENTIFIER = "vincenthardouin.PR-Shortcut";
				PRODUCT_NAME = "$(TARGET_NAME)";
				SWIFT_EMIT_LOC_STRINGS = YES;
				SWIFT_VERSION = 5.0;
			};
			name = Release;
		};
		BC58CCB327F84E9200B4D668 /* Debug */ = {
			isa = XCBuildConfiguration;
			buildSettings = {
				ALWAYS_EMBED_SWIFT_STANDARD_LIBRARIES = YES;
				BUNDLE_LOADER = "$(TEST_HOST)";
				CODE_SIGN_STYLE = Automatic;
				CURRENT_PROJECT_VERSION = 1;
				GENERATE_INFOPLIST_FILE = YES;
				MACOSX_DEPLOYMENT_TARGET = 12.3;
				MARKETING_VERSION = 1.0;
				PRODUCT_BUNDLE_IDENTIFIER = "vincenthardouin.PR-ShortcutTests";
				PRODUCT_NAME = "$(TARGET_NAME)";
				SWIFT_EMIT_LOC_STRINGS = NO;
				SWIFT_VERSION = 5.0;
				TEST_HOST = "$(BUILT_PRODUCTS_DIR)/PR Shortcut.app/Contents/MacOS/PR Shortcut";
			};
			name = Debug;
		};
		BC58CCB427F84E9200B4D668 /* Release */ = {
			isa = XCBuildConfiguration;
			buildSettings = {
				ALWAYS_EMBED_SWIFT_STANDARD_LIBRARIES = YES;
				BUNDLE_LOADER = "$(TEST_HOST)";
				CODE_SIGN_STYLE = Automatic;
				CURRENT_PROJECT_VERSION = 1;
				GENERATE_INFOPLIST_FILE = YES;
				MACOSX_DEPLOYMENT_TARGET = 12.3;
				MARKETING_VERSION = 1.0;
				PRODUCT_BUNDLE_IDENTIFIER = "vincenthardouin.PR-ShortcutTests";
				PRODUCT_NAME = "$(TARGET_NAME)";
				SWIFT_EMIT_LOC_STRINGS = NO;
				SWIFT_VERSION = 5.0;
				TEST_HOST = "$(BUILT_PRODUCTS_DIR)/PR Shortcut.app/Contents/MacOS/PR Shortcut";
			};
			name = Release;
		};
		BC58CCB627F84E9200B4D668 /* Debug */ = {
			isa = XCBuildConfiguration;
			buildSettings = {
				ALWAYS_EMBED_SWIFT_STANDARD_LIBRARIES = YES;
				CODE_SIGN_STYLE = Automatic;
				CURRENT_PROJECT_VERSION = 1;
				GENERATE_INFOPLIST_FILE = YES;
				MARKETING_VERSION = 1.0;
				PRODUCT_BUNDLE_IDENTIFIER = "vincenthardouin.PR-ShortcutUITests";
				PRODUCT_NAME = "$(TARGET_NAME)";
				SWIFT_EMIT_LOC_STRINGS = NO;
				SWIFT_VERSION = 5.0;
				TEST_TARGET_NAME = "PR Shortcut";
			};
			name = Debug;
		};
		BC58CCB727F84E9200B4D668 /* Release */ = {
			isa = XCBuildConfiguration;
			buildSettings = {
				ALWAYS_EMBED_SWIFT_STANDARD_LIBRARIES = YES;
				CODE_SIGN_STYLE = Automatic;
				CURRENT_PROJECT_VERSION = 1;
				GENERATE_INFOPLIST_FILE = YES;
				MARKETING_VERSION = 1.0;
				PRODUCT_BUNDLE_IDENTIFIER = "vincenthardouin.PR-ShortcutUITests";
				PRODUCT_NAME = "$(TARGET_NAME)";
				SWIFT_EMIT_LOC_STRINGS = NO;
				SWIFT_VERSION = 5.0;
				TEST_TARGET_NAME = "PR Shortcut";
			};
			name = Release;
		};
/* End XCBuildConfiguration section */

/* Begin XCConfigurationList section */
		BC58CC8527F84E8F00B4D668 /* Build configuration list for PBXProject "PR Shortcut" */ = {
			isa = XCConfigurationList;
			buildConfigurations = (
				BC58CCAD27F84E9200B4D668 /* Debug */,
				BC58CCAE27F84E9200B4D668 /* Release */,
			);
			defaultConfigurationIsVisible = 0;
			defaultConfigurationName = Release;
		};
		BC58CCAF27F84E9200B4D668 /* Build configuration list for PBXNativeTarget "PR Shortcut" */ = {
			isa = XCConfigurationList;
			buildConfigurations = (
				BC58CCB027F84E9200B4D668 /* Debug */,
				BC58CCB127F84E9200B4D668 /* Release */,
			);
			defaultConfigurationIsVisible = 0;
			defaultConfigurationName = Release;
		};
		BC58CCB227F84E9200B4D668 /* Build configuration list for PBXNativeTarget "PR ShortcutTests" */ = {
			isa = XCConfigurationList;
			buildConfigurations = (
				BC58CCB327F84E9200B4D668 /* Debug */,
				BC58CCB427F84E9200B4D668 /* Release */,
			);
			defaultConfigurationIsVisible = 0;
			defaultConfigurationName = Release;
		};
		BC58CCB527F84E9200B4D668 /* Build configuration list for PBXNativeTarget "PR ShortcutUITests" */ = {
			isa = XCConfigurationList;
			buildConfigurations = (
				BC58CCB627F84E9200B4D668 /* Debug */,
				BC58CCB727F84E9200B4D668 /* Release */,
			);
			defaultConfigurationIsVisible = 0;
			defaultConfigurationName = Release;
		};
/* End XCConfigurationList section */

/* Begin XCRemoteSwiftPackageReference section */
		BC39302327FF4EF600E1CA6E /* XCRemoteSwiftPackageReference "Preferences" */ = {
			isa = XCRemoteSwiftPackageReference;
			repositoryURL = "https://github.com/sindresorhus/Preferences";
			requirement = {
				branch = main;
				kind = branch;
			};
		};
/* End XCRemoteSwiftPackageReference section */

/* Begin XCSwiftPackageProductDependency section */
		BC39302427FF4EF600E1CA6E /* Preferences */ = {
			isa = XCSwiftPackageProductDependency;
			package = BC39302327FF4EF600E1CA6E /* XCRemoteSwiftPackageReference "Preferences" */;
			productName = Preferences;
		};
		BCB4EDB3280022A40066A0AA /* Preferences */ = {
			isa = XCSwiftPackageProductDependency;
			package = BC39302327FF4EF600E1CA6E /* XCRemoteSwiftPackageReference "Preferences" */;
			productName = Preferences;
		};
/* End XCSwiftPackageProductDependency section */
	};
	rootObject = BC58CC8227F84E8F00B4D668 /* Project object */;
}
